// !$*UTF8*$!
{
	archiveVersion = 1;
	classes = {
	};
	objectVersion = 50;
	objects = {

/* Begin PBXBuildFile section */
		683764D625162E4300DCA0DE /* AppDelegate.swift in Sources */ = {isa = PBXBuildFile; fileRef = 683764D525162E4300DCA0DE /* AppDelegate.swift */; };
		683764D825162E4300DCA0DE /* SceneDelegate.swift in Sources */ = {isa = PBXBuildFile; fileRef = 683764D725162E4300DCA0DE /* SceneDelegate.swift */; };
		683764DA25162E4300DCA0DE /* ViewController.swift in Sources */ = {isa = PBXBuildFile; fileRef = 683764D925162E4300DCA0DE /* ViewController.swift */; };
		683764DD25162E4300DCA0DE /* Main.storyboard in Resources */ = {isa = PBXBuildFile; fileRef = 683764DB25162E4300DCA0DE /* Main.storyboard */; };
		683764DF25162E4600DCA0DE /* Assets.xcassets in Resources */ = {isa = PBXBuildFile; fileRef = 683764DE25162E4600DCA0DE /* Assets.xcassets */; };
		683764E225162E4600DCA0DE /* LaunchScreen.storyboard in Resources */ = {isa = PBXBuildFile; fileRef = 683764E025162E4600DCA0DE /* LaunchScreen.storyboard */; };
		683764ED25162E4700DCA0DE /* stampTests.swift in Sources */ = {isa = PBXBuildFile; fileRef = 683764EC25162E4700DCA0DE /* stampTests.swift */; };
		683764F825162E4700DCA0DE /* stampUITests.swift in Sources */ = {isa = PBXBuildFile; fileRef = 683764F725162E4700DCA0DE /* stampUITests.swift */; };
/* End PBXBuildFile section */

/* Begin PBXContainerItemProxy section */
		683764E925162E4700DCA0DE /* PBXContainerItemProxy */ = {
			isa = PBXContainerItemProxy;
			containerPortal = 683764CA25162E4300DCA0DE /* Project object */;
			proxyType = 1;
			remoteGlobalIDString = 683764D125162E4300DCA0DE;
			remoteInfo = stamp;
		};
		683764F425162E4700DCA0DE /* PBXContainerItemProxy */ = {
			isa = PBXContainerItemProxy;
			containerPortal = 683764CA25162E4300DCA0DE /* Project object */;
			proxyType = 1;
			remoteGlobalIDString = 683764D125162E4300DCA0DE;
			remoteInfo = stamp;
		};
/* End PBXContainerItemProxy section */

/* Begin PBXFileReference section */
		683764D225162E4300DCA0DE /* stamp.app */ = {isa = PBXFileReference; explicitFileType = wrapper.application; includeInIndex = 0; path = stamp.app; sourceTree = BUILT_PRODUCTS_DIR; };
		683764D525162E4300DCA0DE /* AppDelegate.swift */ = {isa = PBXFileReference; lastKnownFileType = sourcecode.swift; path = AppDelegate.swift; sourceTree = "<group>"; };
		683764D725162E4300DCA0DE /* SceneDelegate.swift */ = {isa = PBXFileReference; lastKnownFileType = sourcecode.swift; path = SceneDelegate.swift; sourceTree = "<group>"; };
		683764D925162E4300DCA0DE /* ViewController.swift */ = {isa = PBXFileReference; lastKnownFileType = sourcecode.swift; path = ViewController.swift; sourceTree = "<group>"; };
		683764DC25162E4300DCA0DE /* Base */ = {isa = PBXFileReference; lastKnownFileType = file.storyboard; name = Base; path = Base.lproj/Main.storyboard; sourceTree = "<group>"; };
		683764DE25162E4600DCA0DE /* Assets.xcassets */ = {isa = PBXFileReference; lastKnownFileType = folder.assetcatalog; path = Assets.xcassets; sourceTree = "<group>"; };
		683764E125162E4600DCA0DE /* Base */ = {isa = PBXFileReference; lastKnownFileType = file.storyboard; name = Base; path = Base.lproj/LaunchScreen.storyboard; sourceTree = "<group>"; };
		683764E325162E4600DCA0DE /* Info.plist */ = {isa = PBXFileReference; lastKnownFileType = text.plist.xml; path = Info.plist; sourceTree = "<group>"; };
		683764E825162E4700DCA0DE /* stampTests.xctest */ = {isa = PBXFileReference; explicitFileType = wrapper.cfbundle; includeInIndex = 0; path = stampTests.xctest; sourceTree = BUILT_PRODUCTS_DIR; };
		683764EC25162E4700DCA0DE /* stampTests.swift */ = {isa = PBXFileReference; lastKnownFileType = sourcecode.swift; path = stampTests.swift; sourceTree = "<group>"; };
		683764EE25162E4700DCA0DE /* Info.plist */ = {isa = PBXFileReference; lastKnownFileType = text.plist.xml; path = Info.plist; sourceTree = "<group>"; };
		683764F325162E4700DCA0DE /* stampUITests.xctest */ = {isa = PBXFileReference; explicitFileType = wrapper.cfbundle; includeInIndex = 0; path = stampUITests.xctest; sourceTree = BUILT_PRODUCTS_DIR; };
		683764F725162E4700DCA0DE /* stampUITests.swift */ = {isa = PBXFileReference; lastKnownFileType = sourcecode.swift; path = stampUITests.swift; sourceTree = "<group>"; };
		683764F925162E4700DCA0DE /* Info.plist */ = {isa = PBXFileReference; lastKnownFileType = text.plist.xml; path = Info.plist; sourceTree = "<group>"; };
/* End PBXFileReference section */

/* Begin PBXFrameworksBuildPhase section */
		683764CF25162E4300DCA0DE /* Frameworks */ = {
			isa = PBXFrameworksBuildPhase;
			buildActionMask = 2147483647;
			files = (
			);
			runOnlyForDeploymentPostprocessing = 0;
		};
		683764E525162E4700DCA0DE /* Frameworks */ = {
			isa = PBXFrameworksBuildPhase;
			buildActionMask = 2147483647;
			files = (
			);
			runOnlyForDeploymentPostprocessing = 0;
		};
		683764F025162E4700DCA0DE /* Frameworks */ = {
			isa = PBXFrameworksBuildPhase;
			buildActionMask = 2147483647;
			files = (
			);
			runOnlyForDeploymentPostprocessing = 0;
		};
/* End PBXFrameworksBuildPhase section */

/* Begin PBXGroup section */
		683764C925162E4300DCA0DE = {
			isa = PBXGroup;
			children = (
				683764D425162E4300DCA0DE /* stamp */,
				683764EB25162E4700DCA0DE /* stampTests */,
				683764F625162E4700DCA0DE /* stampUITests */,
				683764D325162E4300DCA0DE /* Products */,
			);
			sourceTree = "<group>";
		};
		683764D325162E4300DCA0DE /* Products */ = {
			isa = PBXGroup;
			children = (
				683764D225162E4300DCA0DE /* stamp.app */,
				683764E825162E4700DCA0DE /* stampTests.xctest */,
				683764F325162E4700DCA0DE /* stampUITests.xctest */,
			);
			name = Products;
			sourceTree = "<group>";
		};
		683764D425162E4300DCA0DE /* stamp */ = {
			isa = PBXGroup;
			children = (
				683764D525162E4300DCA0DE /* AppDelegate.swift */,
				683764D725162E4300DCA0DE /* SceneDelegate.swift */,
				683764D925162E4300DCA0DE /* ViewController.swift */,
				683764DB25162E4300DCA0DE /* Main.storyboard */,
				683764DE25162E4600DCA0DE /* Assets.xcassets */,
				683764E025162E4600DCA0DE /* LaunchScreen.storyboard */,
				683764E325162E4600DCA0DE /* Info.plist */,
			);
			path = stamp;
			sourceTree = "<group>";
		};
		683764EB25162E4700DCA0DE /* stampTests */ = {
			isa = PBXGroup;
			children = (
				683764EC25162E4700DCA0DE /* stampTests.swift */,
				683764EE25162E4700DCA0DE /* Info.plist */,
			);
			path = stampTests;
			sourceTree = "<group>";
		};
		683764F625162E4700DCA0DE /* stampUITests */ = {
			isa = PBXGroup;
			children = (
				683764F725162E4700DCA0DE /* stampUITests.swift */,
				683764F925162E4700DCA0DE /* Info.plist */,
			);
			path = stampUITests;
			sourceTree = "<group>";
		};
/* End PBXGroup section */

/* Begin PBXNativeTarget section */
		683764D125162E4300DCA0DE /* stamp */ = {
			isa = PBXNativeTarget;
			buildConfigurationList = 683764FC25162E4700DCA0DE /* Build configuration list for PBXNativeTarget "stamp" */;
			buildPhases = (
				683764CE25162E4300DCA0DE /* Sources */,
				683764CF25162E4300DCA0DE /* Frameworks */,
				683764D025162E4300DCA0DE /* Resources */,
			);
			buildRules = (
			);
			dependencies = (
			);
			name = stamp;
			productName = stamp;
			productReference = 683764D225162E4300DCA0DE /* stamp.app */;
			productType = "com.apple.product-type.application";
		};
		683764E725162E4700DCA0DE /* stampTests */ = {
			isa = PBXNativeTarget;
			buildConfigurationList = 683764FF25162E4700DCA0DE /* Build configuration list for PBXNativeTarget "stampTests" */;
			buildPhases = (
				683764E425162E4700DCA0DE /* Sources */,
				683764E525162E4700DCA0DE /* Frameworks */,
				683764E625162E4700DCA0DE /* Resources */,
			);
			buildRules = (
			);
			dependencies = (
				683764EA25162E4700DCA0DE /* PBXTargetDependency */,
			);
			name = stampTests;
			productName = stampTests;
			productReference = 683764E825162E4700DCA0DE /* stampTests.xctest */;
			productType = "com.apple.product-type.bundle.unit-test";
		};
		683764F225162E4700DCA0DE /* stampUITests */ = {
			isa = PBXNativeTarget;
			buildConfigurationList = 6837650225162E4700DCA0DE /* Build configuration list for PBXNativeTarget "stampUITests" */;
			buildPhases = (
				683764EF25162E4700DCA0DE /* Sources */,
				683764F025162E4700DCA0DE /* Frameworks */,
				683764F125162E4700DCA0DE /* Resources */,
			);
			buildRules = (
			);
			dependencies = (
				683764F525162E4700DCA0DE /* PBXTargetDependency */,
			);
			name = stampUITests;
			productName = stampUITests;
			productReference = 683764F325162E4700DCA0DE /* stampUITests.xctest */;
			productType = "com.apple.product-type.bundle.ui-testing";
		};
/* End PBXNativeTarget section */

/* Begin PBXProject section */
		683764CA25162E4300DCA0DE /* Project object */ = {
			isa = PBXProject;
			attributes = {
				LastSwiftUpdateCheck = 1200;
				LastUpgradeCheck = 1200;
				TargetAttributes = {
					683764D125162E4300DCA0DE = {
						CreatedOnToolsVersion = 12.0;
					};
					683764E725162E4700DCA0DE = {
						CreatedOnToolsVersion = 12.0;
						TestTargetID = 683764D125162E4300DCA0DE;
					};
					683764F225162E4700DCA0DE = {
						CreatedOnToolsVersion = 12.0;
						TestTargetID = 683764D125162E4300DCA0DE;
					};
				};
			};
			buildConfigurationList = 683764CD25162E4300DCA0DE /* Build configuration list for PBXProject "stamp" */;
			compatibilityVersion = "Xcode 9.3";
			developmentRegion = en;
			hasScannedForEncodings = 0;
			knownRegions = (
				en,
				Base,
			);
			mainGroup = 683764C925162E4300DCA0DE;
			productRefGroup = 683764D325162E4300DCA0DE /* Products */;
			projectDirPath = "";
			projectRoot = "";
			targets = (
				683764D125162E4300DCA0DE /* stamp */,
				683764E725162E4700DCA0DE /* stampTests */,
				683764F225162E4700DCA0DE /* stampUITests */,
			);
		};
/* End PBXProject section */

/* Begin PBXResourcesBuildPhase section */
		683764D025162E4300DCA0DE /* Resources */ = {
			isa = PBXResourcesBuildPhase;
			buildActionMask = 2147483647;
			files = (
				683764E225162E4600DCA0DE /* LaunchScreen.storyboard in Resources */,
				683764DF25162E4600DCA0DE /* Assets.xcassets in Resources */,
				683764DD25162E4300DCA0DE /* Main.storyboard in Resources */,
			);
			runOnlyForDeploymentPostprocessing = 0;
		};
		683764E625162E4700DCA0DE /* Resources */ = {
			isa = PBXResourcesBuildPhase;
			buildActionMask = 2147483647;
			files = (
			);
			runOnlyForDeploymentPostprocessing = 0;
		};
		683764F125162E4700DCA0DE /* Resources */ = {
			isa = PBXResourcesBuildPhase;
			buildActionMask = 2147483647;
			files = (
			);
			runOnlyForDeploymentPostprocessing = 0;
		};
/* End PBXResourcesBuildPhase section */

/* Begin PBXSourcesBuildPhase section */
		683764CE25162E4300DCA0DE /* Sources */ = {
			isa = PBXSourcesBuildPhase;
			buildActionMask = 2147483647;
			files = (
				683764DA25162E4300DCA0DE /* ViewController.swift in Sources */,
				683764D625162E4300DCA0DE /* AppDelegate.swift in Sources */,
				683764D825162E4300DCA0DE /* SceneDelegate.swift in Sources */,
			);
			runOnlyForDeploymentPostprocessing = 0;
		};
		683764E425162E4700DCA0DE /* Sources */ = {
			isa = PBXSourcesBuildPhase;
			buildActionMask = 2147483647;
			files = (
				683764ED25162E4700DCA0DE /* stampTests.swift in Sources */,
			);
			runOnlyForDeploymentPostprocessing = 0;
		};
		683764EF25162E4700DCA0DE /* Sources */ = {
			isa = PBXSourcesBuildPhase;
			buildActionMask = 2147483647;
			files = (
				683764F825162E4700DCA0DE /* stampUITests.swift in Sources */,
			);
			runOnlyForDeploymentPostprocessing = 0;
		};
/* End PBXSourcesBuildPhase section */

/* Begin PBXTargetDependency section */
		683764EA25162E4700DCA0DE /* PBXTargetDependency */ = {
			isa = PBXTargetDependency;
			target = 683764D125162E4300DCA0DE /* stamp */;
			targetProxy = 683764E925162E4700DCA0DE /* PBXContainerItemProxy */;
		};
		683764F525162E4700DCA0DE /* PBXTargetDependency */ = {
			isa = PBXTargetDependency;
			target = 683764D125162E4300DCA0DE /* stamp */;
			targetProxy = 683764F425162E4700DCA0DE /* PBXContainerItemProxy */;
		};
/* End PBXTargetDependency section */

/* Begin PBXVariantGroup section */
		683764DB25162E4300DCA0DE /* Main.storyboard */ = {
			isa = PBXVariantGroup;
			children = (
				683764DC25162E4300DCA0DE /* Base */,
			);
			name = Main.storyboard;
			sourceTree = "<group>";
		};
		683764E025162E4600DCA0DE /* LaunchScreen.storyboard */ = {
			isa = PBXVariantGroup;
			children = (
				683764E125162E4600DCA0DE /* Base */,
			);
			name = LaunchScreen.storyboard;
			sourceTree = "<group>";
		};
/* End PBXVariantGroup section */

/* Begin XCBuildConfiguration section */
		683764FA25162E4700DCA0DE /* Debug */ = {
			isa = XCBuildConfiguration;
			buildSettings = {
				ALWAYS_SEARCH_USER_PATHS = NO;
				CLANG_ANALYZER_NONNULL = YES;
				CLANG_ANALYZER_NUMBER_OBJECT_CONVERSION = YES_AGGRESSIVE;
				CLANG_CXX_LANGUAGE_STANDARD = "gnu++14";
				CLANG_CXX_LIBRARY = "libc++";
				CLANG_ENABLE_MODULES = YES;
				CLANG_ENABLE_OBJC_ARC = YES;
				CLANG_ENABLE_OBJC_WEAK = YES;
				CLANG_WARN_BLOCK_CAPTURE_AUTORELEASING = YES;
				CLANG_WARN_BOOL_CONVERSION = YES;
				CLANG_WARN_COMMA = YES;
				CLANG_WARN_CONSTANT_CONVERSION = YES;
				CLANG_WARN_DEPRECATED_OBJC_IMPLEMENTATIONS = YES;
				CLANG_WARN_DIRECT_OBJC_ISA_USAGE = YES_ERROR;
				CLANG_WARN_DOCUMENTATION_COMMENTS = YES;
				CLANG_WARN_EMPTY_BODY = YES;
				CLANG_WARN_ENUM_CONVERSION = YES;
				CLANG_WARN_INFINITE_RECURSION = YES;
				CLANG_WARN_INT_CONVERSION = YES;
				CLANG_WARN_NON_LITERAL_NULL_CONVERSION = YES;
				CLANG_WARN_OBJC_IMPLICIT_RETAIN_SELF = YES;
				CLANG_WARN_OBJC_LITERAL_CONVERSION = YES;
				CLANG_WARN_OBJC_ROOT_CLASS = YES_ERROR;
				CLANG_WARN_QUOTED_INCLUDE_IN_FRAMEWORK_HEADER = YES;
				CLANG_WARN_RANGE_LOOP_ANALYSIS = YES;
				CLANG_WARN_STRICT_PROTOTYPES = YES;
				CLANG_WARN_SUSPICIOUS_MOVE = YES;
				CLANG_WARN_UNGUARDED_AVAILABILITY = YES_AGGRESSIVE;
				CLANG_WARN_UNREACHABLE_CODE = YES;
				CLANG_WARN__DUPLICATE_METHOD_MATCH = YES;
				COPY_PHASE_STRIP = NO;
				DEBUG_INFORMATION_FORMAT = dwarf;
				ENABLE_STRICT_OBJC_MSGSEND = YES;
				ENABLE_TESTABILITY = YES;
				GCC_C_LANGUAGE_STANDARD = gnu11;
				GCC_DYNAMIC_NO_PIC = NO;
				GCC_NO_COMMON_BLOCKS = YES;
				GCC_OPTIMIZATION_LEVEL = 0;
				GCC_PREPROCESSOR_DEFINITIONS = (
					"DEBUG=1",
					"$(inherited)",
				);
				GCC_WARN_64_TO_32_BIT_CONVERSION = YES;
				GCC_WARN_ABOUT_RETURN_TYPE = YES_ERROR;
				GCC_WARN_UNDECLARED_SELECTOR = YES;
				GCC_WARN_UNINITIALIZED_AUTOS = YES_AGGRESSIVE;
				GCC_WARN_UNUSED_FUNCTION = YES;
				GCC_WARN_UNUSED_VARIABLE = YES;
				IPHONEOS_DEPLOYMENT_TARGET = 14.0;
				MTL_ENABLE_DEBUG_INFO = INCLUDE_SOURCE;
				MTL_FAST_MATH = YES;
				ONLY_ACTIVE_ARCH = YES;
				SDKROOT = iphoneos;
				SWIFT_ACTIVE_COMPILATION_CONDITIONS = DEBUG;
				SWIFT_OPTIMIZATION_LEVEL = "-Onone";
			};
			name = Debug;
		};
		683764FB25162E4700DCA0DE /* Release */ = {
			isa = XCBuildConfiguration;
			buildSettings = {
				ALWAYS_SEARCH_USER_PATHS = NO;
				CLANG_ANALYZER_NONNULL = YES;
				CLANG_ANALYZER_NUMBER_OBJECT_CONVERSION = YES_AGGRESSIVE;
				CLANG_CXX_LANGUAGE_STANDARD = "gnu++14";
				CLANG_CXX_LIBRARY = "libc++";
				CLANG_ENABLE_MODULES = YES;
				CLANG_ENABLE_OBJC_ARC = YES;
				CLANG_ENABLE_OBJC_WEAK = YES;
				CLANG_WARN_BLOCK_CAPTURE_AUTORELEASING = YES;
				CLANG_WARN_BOOL_CONVERSION = YES;
				CLANG_WARN_COMMA = YES;
				CLANG_WARN_CONSTANT_CONVERSION = YES;
				CLANG_WARN_DEPRECATED_OBJC_IMPLEMENTATIONS = YES;
				CLANG_WARN_DIRECT_OBJC_ISA_USAGE = YES_ERROR;
				CLANG_WARN_DOCUMENTATION_COMMENTS = YES;
				CLANG_WARN_EMPTY_BODY = YES;
				CLANG_WARN_ENUM_CONVERSION = YES;
				CLANG_WARN_INFINITE_RECURSION = YES;
				CLANG_WARN_INT_CONVERSION = YES;
				CLANG_WARN_NON_LITERAL_NULL_CONVERSION = YES;
				CLANG_WARN_OBJC_IMPLICIT_RETAIN_SELF = YES;
				CLANG_WARN_OBJC_LITERAL_CONVERSION = YES;
				CLANG_WARN_OBJC_ROOT_CLASS = YES_ERROR;
				CLANG_WARN_QUOTED_INCLUDE_IN_FRAMEWORK_HEADER = YES;
				CLANG_WARN_RANGE_LOOP_ANALYSIS = YES;
				CLANG_WARN_STRICT_PROTOTYPES = YES;
				CLANG_WARN_SUSPICIOUS_MOVE = YES;
				CLANG_WARN_UNGUARDED_AVAILABILITY = YES_AGGRESSIVE;
				CLANG_WARN_UNREACHABLE_CODE = YES;
				CLANG_WARN__DUPLICATE_METHOD_MATCH = YES;
				COPY_PHASE_STRIP = NO;
				DEBUG_INFORMATION_FORMAT = "dwarf-with-dsym";
				ENABLE_NS_ASSERTIONS = NO;
				ENABLE_STRICT_OBJC_MSGSEND = YES;
				GCC_C_LANGUAGE_STANDARD = gnu11;
				GCC_NO_COMMON_BLOCKS = YES;
				GCC_WARN_64_TO_32_BIT_CONVERSION = YES;
				GCC_WARN_ABOUT_RETURN_TYPE = YES_ERROR;
				GCC_WARN_UNDECLARED_SELECTOR = YES;
				GCC_WARN_UNINITIALIZED_AUTOS = YES_AGGRESSIVE;
				GCC_WARN_UNUSED_FUNCTION = YES;
				GCC_WARN_UNUSED_VARIABLE = YES;
				IPHONEOS_DEPLOYMENT_TARGET = 14.0;
				MTL_ENABLE_DEBUG_INFO = NO;
				MTL_FAST_MATH = YES;
				SDKROOT = iphoneos;
				SWIFT_COMPILATION_MODE = wholemodule;
				SWIFT_OPTIMIZATION_LEVEL = "-O";
				VALIDATE_PRODUCT = YES;
			};
			name = Release;
		};
		683764FD25162E4700DCA0DE /* Debug */ = {
			isa = XCBuildConfiguration;
			buildSettings = {
				ASSETCATALOG_COMPILER_APPICON_NAME = AppIcon;
				ASSETCATALOG_COMPILER_GLOBAL_ACCENT_COLOR_NAME = AccentColor;
				CODE_SIGN_STYLE = Automatic;
				INFOPLIST_FILE = stamp/Info.plist;
				LD_RUNPATH_SEARCH_PATHS = (
					"$(inherited)",
					"@executable_path/Frameworks",
				);
				PRODUCT_BUNDLE_IDENTIFIER = app.kikawa.tatsuomi.stamp;
				PRODUCT_NAME = "$(TARGET_NAME)";
				SWIFT_VERSION = 5.0;
				TARGETED_DEVICE_FAMILY = "1,2";
			};
			name = Debug;
		};
		683764FE25162E4700DCA0DE /* Release */ = {
			isa = XCBuildConfiguration;
			buildSettings = {
				ASSETCATALOG_COMPILER_APPICON_NAME = AppIcon;
				ASSETCATALOG_COMPILER_GLOBAL_ACCENT_COLOR_NAME = AccentColor;
				CODE_SIGN_STYLE = Automatic;
				INFOPLIST_FILE = stamp/Info.plist;
				LD_RUNPATH_SEARCH_PATHS = (
					"$(inherited)",
					"@executable_path/Frameworks",
				);
				PRODUCT_BUNDLE_IDENTIFIER = app.kikawa.tatsuomi.stamp;
				PRODUCT_NAME = "$(TARGET_NAME)";
				SWIFT_VERSION = 5.0;
				TARGETED_DEVICE_FAMILY = "1,2";
			};
			name = Release;
		};
		6837650025162E4700DCA0DE /* Debug */ = {
			isa = XCBuildConfiguration;
			buildSettings = {
				ALWAYS_EMBED_SWIFT_STANDARD_LIBRARIES = YES;
				BUNDLE_LOADER = "$(TEST_HOST)";
				CODE_SIGN_STYLE = Automatic;
				INFOPLIST_FILE = stampTests/Info.plist;
				IPHONEOS_DEPLOYMENT_TARGET = 14.0;
				LD_RUNPATH_SEARCH_PATHS = (
					"$(inherited)",
					"@executable_path/Frameworks",
					"@loader_path/Frameworks",
				);
				PRODUCT_BUNDLE_IDENTIFIER = app.kikawa.tatsuomi.stampTests;
				PRODUCT_NAME = "$(TARGET_NAME)";
				SWIFT_VERSION = 5.0;
				TARGETED_DEVICE_FAMILY = "1,2";
				TEST_HOST = "$(BUILT_PRODUCTS_DIR)/stamp.app/stamp";
			};
			name = Debug;
		};
		6837650125162E4700DCA0DE /* Release */ = {
			isa = XCBuildConfiguration;
			buildSettings = {
				ALWAYS_EMBED_SWIFT_STANDARD_LIBRARIES = YES;
				BUNDLE_LOADER = "$(TEST_HOST)";
				CODE_SIGN_STYLE = Automatic;
				INFOPLIST_FILE = stampTests/Info.plist;
				IPHONEOS_DEPLOYMENT_TARGET = 14.0;
				LD_RUNPATH_SEARCH_PATHS = (
					"$(inherited)",
					"@executable_path/Frameworks",
					"@loader_path/Frameworks",
				);
				PRODUCT_BUNDLE_IDENTIFIER = app.kikawa.tatsuomi.stampTests;
				PRODUCT_NAME = "$(TARGET_NAME)";
				SWIFT_VERSION = 5.0;
				TARGETED_DEVICE_FAMILY = "1,2";
				TEST_HOST = "$(BUILT_PRODUCTS_DIR)/stamp.app/stamp";
			};
			name = Release;
		};
		6837650325162E4700DCA0DE /* Debug */ = {
			isa = XCBuildConfiguration;
			buildSettings = {
				ALWAYS_EMBED_SWIFT_STANDARD_LIBRARIES = YES;
				CODE_SIGN_STYLE = Automatic;
				INFOPLIST_FILE = stampUITests/Info.plist;
				LD_RUNPATH_SEARCH_PATHS = (
					"$(inherited)",
					"@executable_path/Frameworks",
					"@loader_path/Frameworks",
				);
				PRODUCT_BUNDLE_IDENTIFIER = app.kikawa.tatsuomi.stampUITests;
				PRODUCT_NAME = "$(TARGET_NAME)";
				SWIFT_VERSION = 5.0;
				TARGETED_DEVICE_FAMILY = "1,2";
				TEST_TARGET_NAME = stamp;
			};
			name = Debug;
		};
		6837650425162E4700DCA0DE /* Release */ = {
			isa = XCBuildConfiguration;
			buildSettings = {
				ALWAYS_EMBED_SWIFT_STANDARD_LIBRARIES = YES;
				CODE_SIGN_STYLE = Automatic;
				INFOPLIST_FILE = stampUITests/Info.plist;
				LD_RUNPATH_SEARCH_PATHS = (
					"$(inherited)",
					"@executable_path/Frameworks",
					"@loader_path/Frameworks",
				);
				PRODUCT_BUNDLE_IDENTIFIER = app.kikawa.tatsuomi.stampUITests;
				PRODUCT_NAME = "$(TARGET_NAME)";
				SWIFT_VERSION = 5.0;
				TARGETED_DEVICE_FAMILY = "1,2";
				TEST_TARGET_NAME = stamp;
			};
			name = Release;
		};
/* End XCBuildConfiguration section */

/* Begin XCConfigurationList section */
		683764CD25162E4300DCA0DE /* Build configuration list for PBXProject "stamp" */ = {
			isa = XCConfigurationList;
			buildConfigurations = (
				683764FA25162E4700DCA0DE /* Debug */,
				683764FB25162E4700DCA0DE /* Release */,
			);
			defaultConfigurationIsVisible = 0;
			defaultConfigurationName = Release;
		};
		683764FC25162E4700DCA0DE /* Build configuration list for PBXNativeTarget "stamp" */ = {
			isa = XCConfigurationList;
			buildConfigurations = (
				683764FD25162E4700DCA0DE /* Debug */,
				683764FE25162E4700DCA0DE /* Release */,
			);
			defaultConfigurationIsVisible = 0;
			defaultConfigurationName = Release;
		};
		683764FF25162E4700DCA0DE /* Build configuration list for PBXNativeTarget "stampTests" */ = {
			isa = XCConfigurationList;
			buildConfigurations = (
				6837650025162E4700DCA0DE /* Debug */,
				6837650125162E4700DCA0DE /* Release */,
			);
			defaultConfigurationIsVisible = 0;
			defaultConfigurationName = Release;
		};
		6837650225162E4700DCA0DE /* Build configuration list for PBXNativeTarget "stampUITests" */ = {
			isa = XCConfigurationList;
			buildConfigurations = (
				6837650325162E4700DCA0DE /* Debug */,
				6837650425162E4700DCA0DE /* Release */,
			);
			defaultConfigurationIsVisible = 0;
			defaultConfigurationName = Release;
		};
/* End XCConfigurationList section */
	};
	rootObject = 683764CA25162E4300DCA0DE /* Project object */;
}
